// !$*UTF8*$!
{
	archiveVersion = 1;
	classes = {
	};
	objectVersion = 60;
	objects = {

/* Begin PBXBuildFile section */
		91D4E3492C46867500B26E81 /* AI_Generator_ImageApp.swift in Sources */ = {isa = PBXBuildFile; fileRef = 91D4E3482C46867500B26E81 /* AI_Generator_ImageApp.swift */; };
		91D4E34B2C46867500B26E81 /* ContentView.swift in Sources */ = {isa = PBXBuildFile; fileRef = 91D4E34A2C46867500B26E81 /* ContentView.swift */; };
		91D4E34D2C46867700B26E81 /* Assets.xcassets in Resources */ = {isa = PBXBuildFile; fileRef = 91D4E34C2C46867700B26E81 /* Assets.xcassets */; };
		91D4E3502C46867700B26E81 /* Preview Assets.xcassets in Resources */ = {isa = PBXBuildFile; fileRef = 91D4E34F2C46867700B26E81 /* Preview Assets.xcassets */; };
		91D4E3572C4686DB00B26E81 /* ImageStyle.swift in Sources */ = {isa = PBXBuildFile; fileRef = 91D4E3562C4686DB00B26E81 /* ImageStyle.swift */; };
		91D4E3592C46886A00B26E81 /* Welcome.swift in Sources */ = {isa = PBXBuildFile; fileRef = 91D4E3582C46886A00B26E81 /* Welcome.swift */; };
		91D4E35B2C46E1FC00B26E81 /* GeneratorView.swift in Sources */ = {isa = PBXBuildFile; fileRef = 91D4E35A2C46E1FC00B26E81 /* GeneratorView.swift */; };
		91D4E35D2C46E4DB00B26E81 /* GeneratorViewModel.swift in Sources */ = {isa = PBXBuildFile; fileRef = 91D4E35C2C46E4DB00B26E81 /* GeneratorViewModel.swift */; };
		91D4E3602C46E87B00B26E81 /* RichText in Frameworks */ = {isa = PBXBuildFile; productRef = 91D4E35F2C46E87B00B26E81 /* RichText */; };
		91D4E3632C46E94D00B26E81 /* Alamofire in Frameworks */ = {isa = PBXBuildFile; productRef = 91D4E3622C46E94D00B26E81 /* Alamofire */; };
		91D4E3652C46E94D00B26E81 /* AlamofireDynamic in Frameworks */ = {isa = PBXBuildFile; productRef = 91D4E3642C46E94D00B26E81 /* AlamofireDynamic */; };
		91D4E3672C46E98C00B26E81 /* OpenAIService.swift in Sources */ = {isa = PBXBuildFile; fileRef = 91D4E3662C46E98C00B26E81 /* OpenAIService.swift */; };
/* End PBXBuildFile section */

/* Begin PBXFileReference section */
		91D4E3452C46867500B26E81 /* AI Generator Image.app */ = {isa = PBXFileReference; explicitFileType = wrapper.application; includeInIndex = 0; path = "AI Generator Image.app"; sourceTree = BUILT_PRODUCTS_DIR; };
		91D4E3482C46867500B26E81 /* AI_Generator_ImageApp.swift */ = {isa = PBXFileReference; lastKnownFileType = sourcecode.swift; path = AI_Generator_ImageApp.swift; sourceTree = "<group>"; };
		91D4E34A2C46867500B26E81 /* ContentView.swift */ = {isa = PBXFileReference; lastKnownFileType = sourcecode.swift; path = ContentView.swift; sourceTree = "<group>"; };
		91D4E34C2C46867700B26E81 /* Assets.xcassets */ = {isa = PBXFileReference; lastKnownFileType = folder.assetcatalog; path = Assets.xcassets; sourceTree = "<group>"; };
		91D4E34F2C46867700B26E81 /* Preview Assets.xcassets */ = {isa = PBXFileReference; lastKnownFileType = folder.assetcatalog; path = "Preview Assets.xcassets"; sourceTree = "<group>"; };
		91D4E3562C4686DB00B26E81 /* ImageStyle.swift */ = {isa = PBXFileReference; lastKnownFileType = sourcecode.swift; path = ImageStyle.swift; sourceTree = "<group>"; };
		91D4E3582C46886A00B26E81 /* Welcome.swift */ = {isa = PBXFileReference; lastKnownFileType = sourcecode.swift; path = Welcome.swift; sourceTree = "<group>"; };
		91D4E35A2C46E1FC00B26E81 /* GeneratorView.swift */ = {isa = PBXFileReference; lastKnownFileType = sourcecode.swift; path = GeneratorView.swift; sourceTree = "<group>"; };
		91D4E35C2C46E4DB00B26E81 /* GeneratorViewModel.swift */ = {isa = PBXFileReference; lastKnownFileType = sourcecode.swift; path = GeneratorViewModel.swift; sourceTree = "<group>"; };
		91D4E3662C46E98C00B26E81 /* OpenAIService.swift */ = {isa = PBXFileReference; lastKnownFileType = sourcecode.swift; path = OpenAIService.swift; sourceTree = "<group>"; };
/* End PBXFileReference section */

/* Begin PBXFrameworksBuildPhase section */
		91D4E3422C46867500B26E81 /* Frameworks */ = {
			isa = PBXFrameworksBuildPhase;
			buildActionMask = 2147483647;
			files = (
				91D4E3602C46E87B00B26E81 /* RichText in Frameworks */,
				91D4E3652C46E94D00B26E81 /* AlamofireDynamic in Frameworks */,
				91D4E3632C46E94D00B26E81 /* Alamofire in Frameworks */,
			);
			runOnlyForDeploymentPostprocessing = 0;
		};
/* End PBXFrameworksBuildPhase section */

/* Begin PBXGroup section */
		91D4E33C2C46867500B26E81 = {
			isa = PBXGroup;
			children = (
				91D4E3472C46867500B26E81 /* AI Generator Image */,
				91D4E3462C46867500B26E81 /* Products */,
			);
			sourceTree = "<group>";
		};
		91D4E3462C46867500B26E81 /* Products */ = {
			isa = PBXGroup;
			children = (
				91D4E3452C46867500B26E81 /* AI Generator Image.app */,
			);
			name = Products;
			sourceTree = "<group>";
		};
		91D4E3472C46867500B26E81 /* AI Generator Image */ = {
			isa = PBXGroup;
			children = (
				91D4E3482C46867500B26E81 /* AI_Generator_ImageApp.swift */,
				91D4E3582C46886A00B26E81 /* Welcome.swift */,
				91D4E34A2C46867500B26E81 /* ContentView.swift */,
				91D4E35A2C46E1FC00B26E81 /* GeneratorView.swift */,
				91D4E35C2C46E4DB00B26E81 /* GeneratorViewModel.swift */,
				91D4E3662C46E98C00B26E81 /* OpenAIService.swift */,
				91D4E3562C4686DB00B26E81 /* ImageStyle.swift */,
				91D4E34C2C46867700B26E81 /* Assets.xcassets */,
				91D4E34E2C46867700B26E81 /* Preview Content */,
			);
			path = "AI Generator Image";
			sourceTree = "<group>";
		};
		91D4E34E2C46867700B26E81 /* Preview Content */ = {
			isa = PBXGroup;
			children = (
				91D4E34F2C46867700B26E81 /* Preview Assets.xcassets */,
			);
			path = "Preview Content";
			sourceTree = "<group>";
		};
/* End PBXGroup section */

/* Begin PBXNativeTarget section */
		91D4E3442C46867500B26E81 /* AI Generator Image */ = {
			isa = PBXNativeTarget;
			buildConfigurationList = 91D4E3532C46867700B26E81 /* Build configuration list for PBXNativeTarget "AI Generator Image" */;
			buildPhases = (
				91D4E3412C46867500B26E81 /* Sources */,
				91D4E3422C46867500B26E81 /* Frameworks */,
				91D4E3432C46867500B26E81 /* Resources */,
			);
			buildRules = (
			);
			dependencies = (
			);
			name = "AI Generator Image";
			packageProductDependencies = (
				91D4E35F2C46E87B00B26E81 /* RichText */,
				91D4E3622C46E94D00B26E81 /* Alamofire */,
				91D4E3642C46E94D00B26E81 /* AlamofireDynamic */,
			);
			productName = "AI Generator Image";
			productReference = 91D4E3452C46867500B26E81 /* AI Generator Image.app */;
			productType = "com.apple.product-type.application";
		};
/* End PBXNativeTarget section */

/* Begin PBXProject section */
		91D4E33D2C46867500B26E81 /* Project object */ = {
			isa = PBXProject;
			attributes = {
				BuildIndependentTargetsInParallel = 1;
				LastSwiftUpdateCheck = 1540;
				LastUpgradeCheck = 1540;
				TargetAttributes = {
					91D4E3442C46867500B26E81 = {
						CreatedOnToolsVersion = 15.4;
					};
				};
			};
			buildConfigurationList = 91D4E3402C46867500B26E81 /* Build configuration list for PBXProject "AI Generator Image" */;
			compatibilityVersion = "Xcode 14.0";
			developmentRegion = en;
			hasScannedForEncodings = 0;
			knownRegions = (
				en,
				Base,
			);
			mainGroup = 91D4E33C2C46867500B26E81;
			packageReferences = (
				91D4E35E2C46E87B00B26E81 /* XCRemoteSwiftPackageReference "RichText" */,
				91D4E3612C46E94D00B26E81 /* XCRemoteSwiftPackageReference "Alamofire" */,
				91D4E3682C46F3DB00B26E81 /* XCLocalSwiftPackageReference "../../Alamofire-master" */,
				91D4E3692C46F8EA00B26E81 /* XCRemoteSwiftPackageReference "RxAlamofire" */,
			);
			productRefGroup = 91D4E3462C46867500B26E81 /* Products */;
			projectDirPath = "";
			projectRoot = "";
			targets = (
				91D4E3442C46867500B26E81 /* AI Generator Image */,
			);
		};
/* End PBXProject section */

/* Begin PBXResourcesBuildPhase section */
		91D4E3432C46867500B26E81 /* Resources */ = {
			isa = PBXResourcesBuildPhase;
			buildActionMask = 2147483647;
			files = (
				91D4E3502C46867700B26E81 /* Preview Assets.xcassets in Resources */,
				91D4E34D2C46867700B26E81 /* Assets.xcassets in Resources */,
			);
			runOnlyForDeploymentPostprocessing = 0;
		};
/* End PBXResourcesBuildPhase section */

/* Begin PBXSourcesBuildPhase section */
		91D4E3412C46867500B26E81 /* Sources */ = {
			isa = PBXSourcesBuildPhase;
			buildActionMask = 2147483647;
			files = (
				91D4E3672C46E98C00B26E81 /* OpenAIService.swift in Sources */,
				91D4E3592C46886A00B26E81 /* Welcome.swift in Sources */,
				91D4E3572C4686DB00B26E81 /* ImageStyle.swift in Sources */,
				91D4E34B2C46867500B26E81 /* ContentView.swift in Sources */,
				91D4E3492C46867500B26E81 /* AI_Generator_ImageApp.swift in Sources */,
				91D4E35D2C46E4DB00B26E81 /* GeneratorViewModel.swift in Sources */,
				91D4E35B2C46E1FC00B26E81 /* GeneratorView.swift in Sources */,
			);
			runOnlyForDeploymentPostprocessing = 0;
		};
/* End PBXSourcesBuildPhase section */

/* Begin XCBuildConfiguration section */
		91D4E3512C46867700B26E81 /* Debug */ = {
			isa = XCBuildConfiguration;
			buildSettings = {
				ALWAYS_SEARCH_USER_PATHS = NO;
				ASSETCATALOG_COMPILER_GENERATE_SWIFT_ASSET_SYMBOL_EXTENSIONS = YES;
				CLANG_ANALYZER_NONNULL = YES;
				CLANG_ANALYZER_NUMBER_OBJECT_CONVERSION = YES_AGGRESSIVE;
				CLANG_CXX_LANGUAGE_STANDARD = "gnu++20";
				CLANG_ENABLE_MODULES = YES;
				CLANG_ENABLE_OBJC_ARC = YES;
				CLANG_ENABLE_OBJC_WEAK = YES;
				CLANG_WARN_BLOCK_CAPTURE_AUTORELEASING = YES;
				CLANG_WARN_BOOL_CONVERSION = YES;
				CLANG_WARN_COMMA = YES;
				CLANG_WARN_CONSTANT_CONVERSION = YES;
				CLANG_WARN_DEPRECATED_OBJC_IMPLEMENTATIONS = YES;
				CLANG_WARN_DIRECT_OBJC_ISA_USAGE = YES_ERROR;
				CLANG_WARN_DOCUMENTATION_COMMENTS = YES;
				CLANG_WARN_EMPTY_BODY = YES;
				CLANG_WARN_ENUM_CONVERSION = YES;
				CLANG_WARN_INFINITE_RECURSION = YES;
				CLANG_WARN_INT_CONVERSION = YES;
				CLANG_WARN_NON_LITERAL_NULL_CONVERSION = YES;
				CLANG_WARN_OBJC_IMPLICIT_RETAIN_SELF = YES;
				CLANG_WARN_OBJC_LITERAL_CONVERSION = YES;
				CLANG_WARN_OBJC_ROOT_CLASS = YES_ERROR;
				CLANG_WARN_QUOTED_INCLUDE_IN_FRAMEWORK_HEADER = YES;
				CLANG_WARN_RANGE_LOOP_ANALYSIS = YES;
				CLANG_WARN_STRICT_PROTOTYPES = YES;
				CLANG_WARN_SUSPICIOUS_MOVE = YES;
				CLANG_WARN_UNGUARDED_AVAILABILITY = YES_AGGRESSIVE;
				CLANG_WARN_UNREACHABLE_CODE = YES;
				CLANG_WARN__DUPLICATE_METHOD_MATCH = YES;
				COPY_PHASE_STRIP = NO;
				DEBUG_INFORMATION_FORMAT = dwarf;
				ENABLE_STRICT_OBJC_MSGSEND = YES;
				ENABLE_TESTABILITY = YES;
				ENABLE_USER_SCRIPT_SANDBOXING = YES;
				GCC_C_LANGUAGE_STANDARD = gnu17;
				GCC_DYNAMIC_NO_PIC = NO;
				GCC_NO_COMMON_BLOCKS = YES;
				GCC_OPTIMIZATION_LEVEL = 0;
				GCC_PREPROCESSOR_DEFINITIONS = (
					"DEBUG=1",
					"$(inherited)",
				);
				GCC_WARN_64_TO_32_BIT_CONVERSION = YES;
				GCC_WARN_ABOUT_RETURN_TYPE = YES_ERROR;
				GCC_WARN_UNDECLARED_SELECTOR = YES;
				GCC_WARN_UNINITIALIZED_AUTOS = YES_AGGRESSIVE;
				GCC_WARN_UNUSED_FUNCTION = YES;
				GCC_WARN_UNUSED_VARIABLE = YES;
				IPHONEOS_DEPLOYMENT_TARGET = 17.5;
				LOCALIZATION_PREFERS_STRING_CATALOGS = YES;
				MTL_ENABLE_DEBUG_INFO = INCLUDE_SOURCE;
				MTL_FAST_MATH = YES;
				ONLY_ACTIVE_ARCH = YES;
				SDKROOT = iphoneos;
				SWIFT_ACTIVE_COMPILATION_CONDITIONS = "DEBUG $(inherited)";
				SWIFT_OPTIMIZATION_LEVEL = "-Onone";
			};
			name = Debug;
		};
		91D4E3522C46867700B26E81 /* Release */ = {
			isa = XCBuildConfiguration;
			buildSettings = {
				ALWAYS_SEARCH_USER_PATHS = NO;
				ASSETCATALOG_COMPILER_GENERATE_SWIFT_ASSET_SYMBOL_EXTENSIONS = YES;
				CLANG_ANALYZER_NONNULL = YES;
				CLANG_ANALYZER_NUMBER_OBJECT_CONVERSION = YES_AGGRESSIVE;
				CLANG_CXX_LANGUAGE_STANDARD = "gnu++20";
				CLANG_ENABLE_MODULES = YES;
				CLANG_ENABLE_OBJC_ARC = YES;
				CLANG_ENABLE_OBJC_WEAK = YES;
				CLANG_WARN_BLOCK_CAPTURE_AUTORELEASING = YES;
				CLANG_WARN_BOOL_CONVERSION = YES;
				CLANG_WARN_COMMA = YES;
				CLANG_WARN_CONSTANT_CONVERSION = YES;
				CLANG_WARN_DEPRECATED_OBJC_IMPLEMENTATIONS = YES;
				CLANG_WARN_DIRECT_OBJC_ISA_USAGE = YES_ERROR;
				CLANG_WARN_DOCUMENTATION_COMMENTS = YES;
				CLANG_WARN_EMPTY_BODY = YES;
				CLANG_WARN_ENUM_CONVERSION = YES;
				CLANG_WARN_INFINITE_RECURSION = YES;
				CLANG_WARN_INT_CONVERSION = YES;
				CLANG_WARN_NON_LITERAL_NULL_CONVERSION = YES;
				CLANG_WARN_OBJC_IMPLICIT_RETAIN_SELF = YES;
				CLANG_WARN_OBJC_LITERAL_CONVERSION = YES;
				CLANG_WARN_OBJC_ROOT_CLASS = YES_ERROR;
				CLANG_WARN_QUOTED_INCLUDE_IN_FRAMEWORK_HEADER = YES;
				CLANG_WARN_RANGE_LOOP_ANALYSIS = YES;
				CLANG_WARN_STRICT_PROTOTYPES = YES;
				CLANG_WARN_SUSPICIOUS_MOVE = YES;
				CLANG_WARN_UNGUARDED_AVAILABILITY = YES_AGGRESSIVE;
				CLANG_WARN_UNREACHABLE_CODE = YES;
				CLANG_WARN__DUPLICATE_METHOD_MATCH = YES;
				COPY_PHASE_STRIP = NO;
				DEBUG_INFORMATION_FORMAT = "dwarf-with-dsym";
				ENABLE_NS_ASSERTIONS = NO;
				ENABLE_STRICT_OBJC_MSGSEND = YES;
				ENABLE_USER_SCRIPT_SANDBOXING = YES;
				GCC_C_LANGUAGE_STANDARD = gnu17;
				GCC_NO_COMMON_BLOCKS = YES;
				GCC_WARN_64_TO_32_BIT_CONVERSION = YES;
				GCC_WARN_ABOUT_RETURN_TYPE = YES_ERROR;
				GCC_WARN_UNDECLARED_SELECTOR = YES;
				GCC_WARN_UNINITIALIZED_AUTOS = YES_AGGRESSIVE;
				GCC_WARN_UNUSED_FUNCTION = YES;
				GCC_WARN_UNUSED_VARIABLE = YES;
				IPHONEOS_DEPLOYMENT_TARGET = 17.5;
				LOCALIZATION_PREFERS_STRING_CATALOGS = YES;
				MTL_ENABLE_DEBUG_INFO = NO;
				MTL_FAST_MATH = YES;
				SDKROOT = iphoneos;
				SWIFT_COMPILATION_MODE = wholemodule;
				VALIDATE_PRODUCT = YES;
			};
			name = Release;
		};
		91D4E3542C46867700B26E81 /* Debug */ = {
			isa = XCBuildConfiguration;
			buildSettings = {
				ASSETCATALOG_COMPILER_APPICON_NAME = AppIcon;
				ASSETCATALOG_COMPILER_GLOBAL_ACCENT_COLOR_NAME = AccentColor;
				CODE_SIGN_STYLE = Automatic;
				CURRENT_PROJECT_VERSION = 1;
				DEVELOPMENT_ASSET_PATHS = "\"AI Generator Image/Preview Content\"";
				DEVELOPMENT_TEAM = Y5QHSHZ677;
				ENABLE_PREVIEWS = YES;
				GENERATE_INFOPLIST_FILE = YES;
				INFOPLIST_KEY_UIApplicationSceneManifest_Generation = YES;
				INFOPLIST_KEY_UIApplicationSupportsIndirectInputEvents = YES;
				INFOPLIST_KEY_UILaunchScreen_Generation = YES;
				INFOPLIST_KEY_UISupportedInterfaceOrientations_iPad = "UIInterfaceOrientationPortrait UIInterfaceOrientationPortraitUpsideDown UIInterfaceOrientationLandscapeLeft UIInterfaceOrientationLandscapeRight";
				INFOPLIST_KEY_UISupportedInterfaceOrientations_iPhone = "UIInterfaceOrientationPortrait UIInterfaceOrientationLandscapeLeft UIInterfaceOrientationLandscapeRight";
				LD_RUNPATH_SEARCH_PATHS = (
					"$(inherited)",
					"@executable_path/Frameworks",
				);
				MARKETING_VERSION = 1.0;
				PRODUCT_BUNDLE_IDENTIFIER = "ru.poizonzoom.AI-Generator-Image";
				PRODUCT_NAME = "$(TARGET_NAME)";
				SWIFT_EMIT_LOC_STRINGS = YES;
				SWIFT_VERSION = 5.0;
				TARGETED_DEVICE_FAMILY = "1,2";
			};
			name = Debug;
		};
		91D4E3552C46867700B26E81 /* Release */ = {
			isa = XCBuildConfiguration;
			buildSettings = {
				ASSETCATALOG_COMPILER_APPICON_NAME = AppIcon;
				ASSETCATALOG_COMPILER_GLOBAL_ACCENT_COLOR_NAME = AccentColor;
				CODE_SIGN_STYLE = Automatic;
				CURRENT_PROJECT_VERSION = 1;
				DEVELOPMENT_ASSET_PATHS = "\"AI Generator Image/Preview Content\"";
				DEVELOPMENT_TEAM = Y5QHSHZ677;
				ENABLE_PREVIEWS = YES;
				GENERATE_INFOPLIST_FILE = YES;
				INFOPLIST_KEY_UIApplicationSceneManifest_Generation = YES;
				INFOPLIST_KEY_UIApplicationSupportsIndirectInputEvents = YES;
				INFOPLIST_KEY_UILaunchScreen_Generation = YES;
				INFOPLIST_KEY_UISupportedInterfaceOrientations_iPad = "UIInterfaceOrientationPortrait UIInterfaceOrientationPortraitUpsideDown UIInterfaceOrientationLandscapeLeft UIInterfaceOrientationLandscapeRight";
				INFOPLIST_KEY_UISupportedInterfaceOrientations_iPhone = "UIInterfaceOrientationPortrait UIInterfaceOrientationLandscapeLeft UIInterfaceOrientationLandscapeRight";
				LD_RUNPATH_SEARCH_PATHS = (
					"$(inherited)",
					"@executable_path/Frameworks",
				);
				MARKETING_VERSION = 1.0;
				PRODUCT_BUNDLE_IDENTIFIER = "ru.poizonzoom.AI-Generator-Image";
				PRODUCT_NAME = "$(TARGET_NAME)";
				SWIFT_EMIT_LOC_STRINGS = YES;
				SWIFT_VERSION = 5.0;
				TARGETED_DEVICE_FAMILY = "1,2";
			};
			name = Release;
		};
/* End XCBuildConfiguration section */

/* Begin XCConfigurationList section */
		91D4E3402C46867500B26E81 /* Build configuration list for PBXProject "AI Generator Image" */ = {
			isa = XCConfigurationList;
			buildConfigurations = (
				91D4E3512C46867700B26E81 /* Debug */,
				91D4E3522C46867700B26E81 /* Release */,
			);
			defaultConfigurationIsVisible = 0;
			defaultConfigurationName = Release;
		};
		91D4E3532C46867700B26E81 /* Build configuration list for PBXNativeTarget "AI Generator Image" */ = {
			isa = XCConfigurationList;
			buildConfigurations = (
				91D4E3542C46867700B26E81 /* Debug */,
				91D4E3552C46867700B26E81 /* Release */,
			);
			defaultConfigurationIsVisible = 0;
			defaultConfigurationName = Release;
		};
/* End XCConfigurationList section */

/* Begin XCLocalSwiftPackageReference section */
		91D4E3682C46F3DB00B26E81 /* XCLocalSwiftPackageReference "../../Alamofire-master" */ = {
			isa = XCLocalSwiftPackageReference;
			relativePath = "../../Alamofire-master";
		};
/* End XCLocalSwiftPackageReference section */

/* Begin XCRemoteSwiftPackageReference section */
		91D4E35E2C46E87B00B26E81 /* XCRemoteSwiftPackageReference "RichText" */ = {
			isa = XCRemoteSwiftPackageReference;
			repositoryURL = "https://github.com/NuPlay/RichText.git";
			requirement = {
				kind = upToNextMajorVersion;
				minimumVersion = 2.4.1;
			};
		};
		91D4E3612C46E94D00B26E81 /* XCRemoteSwiftPackageReference "Alamofire" */ = {
			isa = XCRemoteSwiftPackageReference;
			repositoryURL = "https://github.com/Alamofire/Alamofire.git";
			requirement = {
				kind = upToNextMajorVersion;
				minimumVersion = 5.9.1;
			};
		};
		91D4E3692C46F8EA00B26E81 /* XCRemoteSwiftPackageReference "RxAlamofire" */ = {
			isa = XCRemoteSwiftPackageReference;
			repositoryURL = "https://github.com/RxSwiftCommunity/RxAlamofire.git";
			requirement = {
				kind = upToNextMajorVersion;
				minimumVersion = 5.2.0;
			};
		};
/* End XCRemoteSwiftPackageReference section */

/* Begin XCSwiftPackageProductDependency section */
		91D4E35F2C46E87B00B26E81 /* RichText */ = {
			isa = XCSwiftPackageProductDependency;
			package = 91D4E35E2C46E87B00B26E81 /* XCRemoteSwiftPackageReference "RichText" */;
			productName = RichText;
		};
		91D4E3622C46E94D00B26E81 /* Alamofire */ = {
			isa = XCSwiftPackageProductDependency;
			package = 91D4E3612C46E94D00B26E81 /* XCRemoteSwiftPackageReference "Alamofire" */;
			productName = Alamofire;
		};
		91D4E3642C46E94D00B26E81 /* AlamofireDynamic */ = {
			isa = XCSwiftPackageProductDependency;
			package = 91D4E3612C46E94D00B26E81 /* XCRemoteSwiftPackageReference "Alamofire" */;
			productName = AlamofireDynamic;
		};
/* End XCSwiftPackageProductDependency section */
	};
	rootObject = 91D4E33D2C46867500B26E81 /* Project object */;
}
